
Microsoft Visual Studio Solution File, Format Version 12.00
Project("{FAE04EC0-301F-11D3-BF4B-00C04F79EFBC}") = "WebClient", "WebClient\WebClient.csproj", "{8A4B8A5E-331E-4A27-87DC-0A8171B2F4E4}"
EndProject
Project("{FAE04EC0-301F-11D3-BF4B-00C04F79EFBC}") = "WebAPI", "WebAPI\WebAPI.csproj", "{01E3F3DE-9624-4F56-A966-8086DABF233F}"
EndProject
Project("{FAE04EC0-301F-11D3-BF4B-00C04F79EFBC}") = "WebDAL", "WebDAL\WebDAL.csproj", "{D4B5718E-D5E5-4102-A702-0A9D0197D475}"
EndProject
Global
	GlobalSection(SolutionConfigurationPlatforms) = preSolution
		Debug|Any CPU = Debug|Any CPU
		Release|Any CPU = Release|Any CPU
	EndGlobalSection
	GlobalSection(ProjectConfigurationPlatforms) = postSolution
		{8A4B8A5E-331E-4A27-87DC-0A8171B2F4E4}.Debug|Any CPU.ActiveCfg = Debug|Any CPU
		{8A4B8A5E-331E-4A27-87DC-0A8171B2F4E4}.Debug|Any CPU.Build.0 = Debug|Any CPU
		{8A4B8A5E-331E-4A27-87DC-0A8171B2F4E4}.Release|Any CPU.ActiveCfg = Release|Any CPU
		{8A4B8A5E-331E-4A27-87DC-0A8171B2F4E4}.Release|Any CPU.Build.0 = Release|Any CPU
		{01E3F3DE-9624-4F56-A966-8086DABF233F}.Debug|Any CPU.ActiveCfg = Debug|Any CPU
		{01E3F3DE-9624-4F56-A966-8086DABF233F}.Debug|Any CPU.Build.0 = Debug|Any CPU
		{01E3F3DE-9624-4F56-A966-8086DABF233F}.Release|Any CPU.ActiveCfg = Release|Any CPU
		{01E3F3DE-9624-4F56-A966-8086DABF233F}.Release|Any CPU.Build.0 = Release|Any CPU
		{D4B5718E-D5E5-4102-A702-0A9D0197D475}.Debug|Any CPU.ActiveCfg = Debug|Any CPU
		{D4B5718E-D5E5-4102-A702-0A9D0197D475}.Debug|Any CPU.Build.0 = Debug|Any CPU
		{D4B5718E-D5E5-4102-A702-0A9D0197D475}.Release|Any CPU.ActiveCfg = Release|Any CPU
		{D4B5718E-D5E5-4102-A702-0A9D0197D475}.Release|Any CPU.Build.0 = Release|Any CPU
	EndGlobalSection
EndGlobal
